
Microsoft Visual Studio Solution File, Format Version 12.00
# Visual Studio Version 17
VisualStudioVersion = 17.1.32228.430
MinimumVisualStudioVersion = 10.0.40219.1
Project("{2150E333-8FDC-42A3-9474-1A3956D46DE8}") = "src", "src", "{DE92A18C-D8E6-424F-BED9-561061C63D02}"
EndProject
Project("{2150E333-8FDC-42A3-9474-1A3956D46DE8}") = "Services", "Services", "{64C0029D-8CE3-4271-AFB1-0A2F0D00218C}"
EndProject
Project("{2150E333-8FDC-42A3-9474-1A3956D46DE8}") = "Identity", "Identity", "{539473CC-C87B-4D15-8490-259C0BDBD5DE}"
EndProject
Project("{2150E333-8FDC-42A3-9474-1A3956D46DE8}") = "Domain", "Domain", "{B1EB7DDF-EC6B-4FED-A136-C9F2313A796A}"
EndProject
Project("{9A19103F-16F7-4668-BE54-9A1E7A4F7556}") = "Identity.Domain", "src\Services\Identity\Domain\Identity.Domain\Identity.Domain.csproj", "{5592862A-FE7A-417B-9958-DF40FF00CAB2}"
EndProject
Project("{2150E333-8FDC-42A3-9474-1A3956D46DE8}") = "Catalog", "Catalog", "{AB5FB9D1-D360-4B2E-829E-38D4B4181809}"
EndProject
Project("{2150E333-8FDC-42A3-9474-1A3956D46DE8}") = "Domain", "Domain", "{07CE69DA-C617-4980-B6FD-5CA3C4F63A5F}"
EndProject
Project("{9A19103F-16F7-4668-BE54-9A1E7A4F7556}") = "Catalog.Domain", "src\Services\Catalog\Domain\Catalog.Domain\Catalog.Domain.csproj", "{3C5A27B2-A92E-4C70-9F0C-3D2B76ADA330}"
EndProject
Project("{2150E333-8FDC-42A3-9474-1A3956D46DE8}") = "DAL", "DAL", "{C0430247-5B11-4EAD-A8E9-406A02950416}"
EndProject
Project("{9A19103F-16F7-4668-BE54-9A1E7A4F7556}") = "Catalog.DAL", "src\Services\Catalog\DAL\Catalog.DAL\Catalog.DAL.csproj", "{5EAA77C1-0385-4E1A-974A-D4C50EF4D9E1}"
EndProject
Project("{2150E333-8FDC-42A3-9474-1A3956D46DE8}") = "Application", "Application", "{215D8DBE-D2FC-40CC-93BE-30783EF3F177}"
EndProject
Project("{FAE04EC0-301F-11D3-BF4B-00C04F79EFBC}") = "Catalog.Application", "src\Services\Catalog\Application\Catalog.Application\Catalog.Application.csproj", "{B27C382A-8A7C-47D6-8820-F242D1509214}"
EndProject
Global
	GlobalSection(SolutionConfigurationPlatforms) = preSolution
		Debug|Any CPU = Debug|Any CPU
		Release|Any CPU = Release|Any CPU
	EndGlobalSection
	GlobalSection(ProjectConfigurationPlatforms) = postSolution
		{5592862A-FE7A-417B-9958-DF40FF00CAB2}.Debug|Any CPU.ActiveCfg = Debug|Any CPU
		{5592862A-FE7A-417B-9958-DF40FF00CAB2}.Debug|Any CPU.Build.0 = Debug|Any CPU
		{5592862A-FE7A-417B-9958-DF40FF00CAB2}.Release|Any CPU.ActiveCfg = Release|Any CPU
		{5592862A-FE7A-417B-9958-DF40FF00CAB2}.Release|Any CPU.Build.0 = Release|Any CPU
		{3C5A27B2-A92E-4C70-9F0C-3D2B76ADA330}.Debug|Any CPU.ActiveCfg = Debug|Any CPU
		{3C5A27B2-A92E-4C70-9F0C-3D2B76ADA330}.Debug|Any CPU.Build.0 = Debug|Any CPU
		{3C5A27B2-A92E-4C70-9F0C-3D2B76ADA330}.Release|Any CPU.ActiveCfg = Release|Any CPU
		{3C5A27B2-A92E-4C70-9F0C-3D2B76ADA330}.Release|Any CPU.Build.0 = Release|Any CPU
		{5EAA77C1-0385-4E1A-974A-D4C50EF4D9E1}.Debug|Any CPU.ActiveCfg = Debug|Any CPU
		{5EAA77C1-0385-4E1A-974A-D4C50EF4D9E1}.Debug|Any CPU.Build.0 = Debug|Any CPU
		{5EAA77C1-0385-4E1A-974A-D4C50EF4D9E1}.Release|Any CPU.ActiveCfg = Release|Any CPU
		{5EAA77C1-0385-4E1A-974A-D4C50EF4D9E1}.Release|Any CPU.Build.0 = Release|Any CPU
		{B27C382A-8A7C-47D6-8820-F242D1509214}.Debug|Any CPU.ActiveCfg = Debug|Any CPU
		{B27C382A-8A7C-47D6-8820-F242D1509214}.Debug|Any CPU.Build.0 = Debug|Any CPU
		{B27C382A-8A7C-47D6-8820-F242D1509214}.Release|Any CPU.ActiveCfg = Release|Any CPU
		{B27C382A-8A7C-47D6-8820-F242D1509214}.Release|Any CPU.Build.0 = Release|Any CPU
	EndGlobalSection
	GlobalSection(SolutionProperties) = preSolution
		HideSolutionNode = FALSE
	EndGlobalSection
	GlobalSection(NestedProjects) = preSolution
		{64C0029D-8CE3-4271-AFB1-0A2F0D00218C} = {DE92A18C-D8E6-424F-BED9-561061C63D02}
		{539473CC-C87B-4D15-8490-259C0BDBD5DE} = {64C0029D-8CE3-4271-AFB1-0A2F0D00218C}
		{B1EB7DDF-EC6B-4FED-A136-C9F2313A796A} = {539473CC-C87B-4D15-8490-259C0BDBD5DE}
		{5592862A-FE7A-417B-9958-DF40FF00CAB2} = {B1EB7DDF-EC6B-4FED-A136-C9F2313A796A}
		{AB5FB9D1-D360-4B2E-829E-38D4B4181809} = {64C0029D-8CE3-4271-AFB1-0A2F0D00218C}
		{07CE69DA-C617-4980-B6FD-5CA3C4F63A5F} = {AB5FB9D1-D360-4B2E-829E-38D4B4181809}
		{3C5A27B2-A92E-4C70-9F0C-3D2B76ADA330} = {07CE69DA-C617-4980-B6FD-5CA3C4F63A5F}
		{C0430247-5B11-4EAD-A8E9-406A02950416} = {AB5FB9D1-D360-4B2E-829E-38D4B4181809}
		{5EAA77C1-0385-4E1A-974A-D4C50EF4D9E1} = {C0430247-5B11-4EAD-A8E9-406A02950416}
		{215D8DBE-D2FC-40CC-93BE-30783EF3F177} = {AB5FB9D1-D360-4B2E-829E-38D4B4181809}
		{B27C382A-8A7C-47D6-8820-F242D1509214} = {215D8DBE-D2FC-40CC-93BE-30783EF3F177}
	EndGlobalSection
	GlobalSection(ExtensibilityGlobals) = postSolution
		SolutionGuid = {9237C084-9489-45FC-95B3-F630B45586BD}
	EndGlobalSection
EndGlobal
